{
    "_meta": {
        "hash": {
            "sha256": "2725a617da8059dcbcda2841e2c75cb5afd1dd4e75beb0bead32f8167c00da6f"
        },
        "pipfile-spec": 6,
        "requires": {
            "python_version": "3.5"
        },
        "sources": [
            {
                "name": "pypi",
                "url": "https://pypi.org/simple",
                "verify_ssl": true
            }
        ]
    },
    "default": {
        "altgraph": {
            "hashes": [
                "sha256:1f05a47122542f97028caf78775a095fbe6a2699b5089de8477eb583167d69aa",
                "sha256:c623e5f3408ca61d4016f23a681b9adb100802ca3e3da5e718915a9e4052cebe"
            ],
            "version": "==0.17"
        },
        "beautifulsoup4": {
            "hashes": [
                "sha256:11a9a27b7d3bddc6d86f59fb76afb70e921a25ac2d6cc55b40d072bd68435a76",
                "sha256:7015e76bf32f1f574636c4288399a6de66ce08fb7b2457f628a8d70c0fbabb11",
                "sha256:808b6ac932dccb0a4126558f7dfdcf41710dd44a4ef497a0bb59a77f9f078e89"
            ],
            "index": "pypi",
            "version": "==4.6.0"
        },
        "bs4": {
            "hashes": [
                "sha256:36ecea1fd7cc5c0c6e4a1ff075df26d50da647b75376626cc186e2212886dd3a"
            ],
            "index": "pypi",
            "version": "==0.0.1"
        },
        "certifi": {
            "hashes": [
                "sha256:13e698f54293db9f89122b0581843a782ad0934a4fe0172d2a980ba77fc61bb7",
                "sha256:9fa520c1bacfb634fa7af20a76bcbd3d5fb390481724c597da32c719a7dca4b0"
            ],
            "index": "pypi",
            "version": "==2018.4.16"
        },
        "chardet": {
            "hashes": [
                "sha256:84ab92ed1c4d4f16916e05906b6b75a6c0fb5db821cc65e70cbd64a3e2a5eaae",
                "sha256:fc323ffcaeaed0e0a02bf4d117757b98aed530d9ed4531e3e15460124c106691"
            ],
            "index": "pypi",
            "version": "==3.0.4"
        },
        "future": {
            "hashes": [
                "sha256:b1bead90b70cf6ec3f0710ae53a525360fa360d306a86583adc6bf83a4db537d"
            ],
            "version": "==0.18.2"
        },
        "idna": {
            "hashes": [
                "sha256:156a6814fb5ac1fc6850fb002e0852d56c0c8d2531923a51032d1b70760e186e",
                "sha256:684a38a6f903c1d71d6d5fac066b58d7768af4de2b832e426ec79c30daa94a16"
            ],
            "index": "pypi",
            "version": "==2.7"
        },
        "lxml": {
            "hashes": [
                "sha256:01b194561b6a25d94b1267b785d6ec67eec6b62cce2591f3096de98ec22a704b",
                "sha256:10ad7277b618b9a0bafed7ddf73af6d9c9b3de8d42cbb881859d611d54de665c",
                "sha256:1fc9e6adc16c0cab2596de5cd7adc5988635ec1e2dcae367e2a2009302ae89b3",
                "sha256:34cb8e68be4403d01a84f5dd5b9a089ddaedf28a3e9ff259708d88f9a60e2b7e",
                "sha256:36a47fb5d99f7827cb478cc71f907b728304ead3b12b0eb1a102199a0a0bf8a7",
                "sha256:37cda88cf6082fd9d78988156140a5922d4b296577b5ff83f72116c4061d7304",
                "sha256:39e80bafa7be141ff2d0bb8ed1652b9ac326573bf0e6678770d729adbd9d2670",
                "sha256:4211c2ff1a465d9bafc671715d40695bfeb59065005a8b565069b4ab3faba5d9",
                "sha256:473ad409306e83dca68632bf29e1b40592b159af86318410ac42e8054f2904b8",
                "sha256:482da759ec33fb78e3781d1c59aafa39a83265bbc796967f830d64d08f7212ad",
                "sha256:48cccd8ba29c4cc967cb0e3317c5931e0f0ade1692895da6ba9a5a31410d75af",
                "sha256:4b487bf101ce0217afcc3eb661713b32f10d30f1cac1e9d966f0a988ea8a389c",
                "sha256:512f1b88f46ef1e55cb05150b8e7029be1c10995c3531d6c1205afa8b61d8996",
                "sha256:73e23a2dd19d8f3c012cf6d3b221b32bf2254de49dfed449b2b87dd8fa56611e",
                "sha256:810934dddb01a797fcd8ec9d9e981b8ebc7738ae1a5bbd2c90c7cdae5435609e",
                "sha256:82f278cd24da1b8a98df89de38946d67381a00e39adef768fd302dc8f4e1c383",
                "sha256:852d077b69432ad3c2ee622d4a82588fc32c8f260d41ce1a34207e60213b04a1",
                "sha256:8eee7864ea7882512bada274c2a58997a09fa8da5f8a31e298ebf7226df0cf75",
                "sha256:967ac7c857b4c67dbc906e2c7d81f89c14ea84d63adf4e95c6a1c9ed1bec2d77",
                "sha256:a8b8c161d9dab9e884f99e7d898f6e06db547a3a0398962b55de96130b6da777",
                "sha256:a9368022ca262fd15625f365b557d66ce0743bc1e1901d85dfe1af9836f01713",
                "sha256:ab5ab5df9589a4538c238cf3711978419562ccf9c72efc06fb2f5e3833b7e0f4",
                "sha256:be1d3c858071d552aab304742726ea1b3a46f21761f2c2a7afa93a37e57597f5",
                "sha256:bea02d0662709d905bc18402ad4b84c5a6dc72d9d86dbbe9958eadf3d158e63b",
                "sha256:d06bbb503f9e41c836a1941d163469b6df2f77f004bff609849f58ed52fa2ad4",
                "sha256:d2965ef3521bcc3c82bd218a44f4c1f2630c127b5e1f35da50cb360e872bc3af",
                "sha256:d78d58d934a3c2f39daaf89aad5e71551ff75550cf4820020ad6ae29f1b82cc9"
            ],
            "index": "pypi",
            "version": "==4.2.2"
        },
        "macholib": {
            "hashes": [
                "sha256:0c436bc847e7b1d9bda0560351bf76d7caf930fb585a828d13608839ef42c432",
                "sha256:c500f02867515e6c60a27875b408920d18332ddf96b4035ef03beddd782d4281"
            ],
            "version": "==1.14"
        },
        "mechanicalsoup": {
            "hashes": [
                "sha256:22423efd025c3eedb06f41d3ff1127174a59f40dc560e82dce143956976195bf",
                "sha256:446805e708922c0c4205fb1da637fdf07cc540776112ce45764aeeb3a4ce0859"
            ],
            "index": "pypi",
            "version": "==0.10.0"
        },
        "pefile": {
            "hashes": [
                "sha256:a5d6e8305c6b210849b47a6174ddf9c452b2888340b8177874b862ba6c207645"
            ],
            "version": "==2019.4.18"
        },
        "psutil": {
            "hashes": [
                "sha256:06660136ab88762309775fd47290d7da14094422d915f0466e0adf8e4b22214e",
                "sha256:0c11adde31011a286197630ba2671e34651f004cc418d30ae06d2033a43c9e20",
                "sha256:0c211eec4185725847cb6c28409646c7cfa56fdb531014b35f97b5dc7fe04ff9",
                "sha256:0fc7a5619b47f74331add476fbc6022d7ca801c22865c7069ec0867920858963",
                "sha256:3004361c6b93dbad71330d992c1ae409cb8314a6041a0b67507cc882357f583e",
                "sha256:5e8dbf31871b0072bcba8d1f2861c0ec6c84c78f13c723bb6e981bce51b58f12",
                "sha256:6d81b9714791ef9a3a00b2ca846ee547fc5e53d259e2a6258c3d2054928039ff",
                "sha256:724390895cff80add7a1c4e7e0a04d9c94f3ee61423a2dcafd83784fabbd1ee9",
                "sha256:ad21281f7bd6c57578dd53913d2d44218e9e29fd25128d10ff7819ef16fa46e7",
                "sha256:f21a7bb4b207e4e7c60b3c40ffa89d790997619f04bbecec9db8e3696122bc78",
                "sha256:f60042bef7dc50a78c06334ca8e25580455948ba2fa98f240d034a4fed9141a5"
            ],
            "index": "pypi",
            "version": "==5.6.6"
        },
        "pyinstaller": {
            "hashes": [
                "sha256:715f81f24b1ef0e5fe3b3c71e7540551838e46e9de30882aa7c0a521147fd1ce"
            ],
            "index": "pypi",
            "version": "==3.3.1"
        },
        "pyqt5": {
            "hashes": [
                "sha256:1e652910bd1ffd23a3a48c510ecad23a57a853ed26b782cd54b16658e6f271ac",
                "sha256:4db7113f464c733a99fcb66c4c093a47cf7204ad3f8b3bda502efcc0839ac14b",
                "sha256:9c17ab3974c1fc7bbb04cc1c9dae780522c0ebc158613f3025fccae82227b5f7",
                "sha256:f6035baa009acf45e5f460cf88f73580ad5dc0e72330029acd99e477f20a5d61"
            ],
            "index": "pypi",
            "version": "==5.10.1"
        },
        "requests": {
            "hashes": [
                "sha256:63b52e3c866428a224f97cab011de738c36aec0185aa91cfacd418b5d58911d1",
                "sha256:ec22d826a36ed72a7358ff3fe56cbd4ba69dd7a6718ffd450ff0e9df7a47ce6a"
            ],
            "index": "pypi",
            "version": "==2.19.1"
        },
        "sip": {
            "hashes": [
                "sha256:09f9a4e6c28afd0bafedb26ffba43375b97fe7207bd1a0d3513f79b7d168b331",
                "sha256:105edaaa1c8aa486662226360bd3999b4b89dd56de3e314d82b83ed0587d8783",
                "sha256:1bb10aac55bd5ab0e2ee74b3047aa2016cfa7932077c73f602a6f6541af8cd51",
                "sha256:265ddf69235dd70571b7d4da20849303b436192e875ce7226be7144ca702a45c",
                "sha256:52074f7cb5488e8b75b52f34ec2230bc75d22986c7fe5cd3f2d266c23f3349a7",
                "sha256:5ff887a33839de8fc77d7f69aed0259b67a384dc91a1dc7588e328b0b980bde2",
                "sha256:74da4ddd20c5b35c19cda753ce1e8e1f71616931391caeac2de7a1715945c679",
                "sha256:7d69e9cf4f8253a3c0dfc5ba6bb9ac8087b8239851f22998e98cb35cfe497b68",
                "sha256:97bb93ee0ef01ba90f57be2b606e08002660affd5bc380776dd8b0fcaa9e093a",
                "sha256:cf98150a99e43fda7ae22abe655b6f202e491d6291486548daa56cb15a2fcf85",
                "sha256:d9023422127b94d11c1a84bfa94933e959c484f2c79553c1ef23c69fe00d25f8",
                "sha256:e72955e12f4fccf27aa421be383453d697b8a44bde2cc26b08d876fd492d0174"
            ],
            "index": "pypi",
            "version": "==4.19.8"
        },
        "six": {
            "hashes": [
                "sha256:70e8a77beed4562e7f14fe23a786b54f6296e34344c23bc42f07b15018ff98e9",
                "sha256:832dc0e10feb1aa2c68dcc57dbb658f1c7e65b9b61af69048abc87a2db00a0eb"
            ],
            "index": "pypi",
            "version": "==1.11.0"
        },
        "urllib3": {
            "hashes": [
                "sha256:a68ac5e15e76e7e5dd2b8f94007233e01effe3e50e8daddf69acfd81cb686baf",
                "sha256:b5725a0bd4ba422ab0e66e89e030c806576753ea3ee08554382c14e685d117b5"
            ],
            "index": "pypi",
            "version": "==1.23"
        }
    },
    "develop": {}
}
